
Microsoft Visual Studio Solution File, Format Version 12.00
# Visual Studio Version 16
VisualStudioVersion = 16.0.28407.52
MinimumVisualStudioVersion = 10.0.40219.1
Project("{9A19103F-16F7-4668-BE54-9A1E7A4F7556}") = "NicoDataExtractor", "NicoDataExtractor\NicoDataExtractor.csproj", "{52FB69FE-482B-46EA-8F76-B149C5E2412B}"
EndProject
Project("{2150E333-8FDC-42A3-9474-1A3956D46DE8}") = "Solution Items", "Solution Items", "{862A4C97-23B1-4900-9590-9DB4D3B0952B}"
	ProjectSection(SolutionItems) = preProject
		README.md = README.md
	EndProjectSection
EndProject
Global
	GlobalSection(SolutionConfigurationPlatforms) = preSolution
		Debug|Any CPU = Debug|Any CPU
		Release|Any CPU = Release|Any CPU
	EndGlobalSection
	GlobalSection(ProjectConfigurationPlatforms) = postSolution
		{52FB69FE-482B-46EA-8F76-B149C5E2412B}.Debug|Any CPU.ActiveCfg = Debug|Any CPU
		{52FB69FE-482B-46EA-8F76-B149C5E2412B}.Debug|Any CPU.Build.0 = Debug|Any CPU
		{52FB69FE-482B-46EA-8F76-B149C5E2412B}.Release|Any CPU.ActiveCfg = Release|Any CPU
		{52FB69FE-482B-46EA-8F76-B149C5E2412B}.Release|Any CPU.Build.0 = Release|Any CPU
	EndGlobalSection
	GlobalSection(SolutionProperties) = preSolution
		HideSolutionNode = FALSE
	EndGlobalSection
	GlobalSection(ExtensibilityGlobals) = postSolution
		SolutionGuid = {8821ED43-129D-4FA1-A04F-30AE856D2A52}
	EndGlobalSection
EndGlobal
